
Microsoft Visual Studio Solution File, Format Version 12.00
# Visual Studio Version 17
VisualStudioVersion = 17.9.34728.123
MinimumVisualStudioVersion = 10.0.40219.1
Project("{FAE04EC0-301F-11D3-BF4B-00C04F79EFBC}") = "pdfreadquery", "pdfreadquery\pdfreadquery.csproj", "{D7856B29-9C5C-4795-BBC6-1725ABF0AD2F}"
EndProject
Global
	GlobalSection(SolutionConfigurationPlatforms) = preSolution
		Debug|Any CPU = Debug|Any CPU
		Release|Any CPU = Release|Any CPU
	EndGlobalSection
	GlobalSection(ProjectConfigurationPlatforms) = postSolution
		{D7856B29-9C5C-4795-BBC6-1725ABF0AD2F}.Debug|Any CPU.ActiveCfg = Debug|Any CPU
		{D7856B29-9C5C-4795-BBC6-1725ABF0AD2F}.Debug|Any CPU.Build.0 = Debug|Any CPU
		{D7856B29-9C5C-4795-BBC6-1725ABF0AD2F}.Release|Any CPU.ActiveCfg = Release|Any CPU
		{D7856B29-9C5C-4795-BBC6-1725ABF0AD2F}.Release|Any CPU.Build.0 = Release|Any CPU
	EndGlobalSection
	GlobalSection(SolutionProperties) = preSolution
		HideSolutionNode = FALSE
	EndGlobalSection
	GlobalSection(ExtensibilityGlobals) = postSolution
		SolutionGuid = {15D138B3-7964-4129-9557-90980017F93E}
	EndGlobalSection
EndGlobal
